// !$*UTF8*$!
{
	archiveVersion = 1;
	classes = {
	};
	objectVersion = 50;
	objects = {

/* Begin PBXBuildFile section */
		3CB19F1D22E39DF900F6F03F /* AppDelegate.swift in Sources */ = {isa = PBXBuildFile; fileRef = 3CB19F1C22E39DF900F6F03F /* AppDelegate.swift */; };
		3CB19F1F22E39DF900F6F03F /* SceneDelegate.swift in Sources */ = {isa = PBXBuildFile; fileRef = 3CB19F1E22E39DF900F6F03F /* SceneDelegate.swift */; };
		3CB19F2122E39DF900F6F03F /* ContentView.swift in Sources */ = {isa = PBXBuildFile; fileRef = 3CB19F2022E39DF900F6F03F /* ContentView.swift */; };
		3CB19F2322E39DF900F6F03F /* Assets.xcassets in Resources */ = {isa = PBXBuildFile; fileRef = 3CB19F2222E39DF900F6F03F /* Assets.xcassets */; };
		3CB19F2622E39DF900F6F03F /* Preview Assets.xcassets in Resources */ = {isa = PBXBuildFile; fileRef = 3CB19F2522E39DF900F6F03F /* Preview Assets.xcassets */; };
		3CB19F2922E39DF900F6F03F /* LaunchScreen.storyboard in Resources */ = {isa = PBXBuildFile; fileRef = 3CB19F2722E39DF900F6F03F /* LaunchScreen.storyboard */; };
/* End PBXBuildFile section */

/* Begin PBXFileReference section */
		3CB19F1922E39DF900F6F03F /* NavigationDestination.app */ = {isa = PBXFileReference; explicitFileType = wrapper.application; includeInIndex = 0; path = NavigationDestination.app; sourceTree = BUILT_PRODUCTS_DIR; };
		3CB19F1C22E39DF900F6F03F /* AppDelegate.swift */ = {isa = PBXFileReference; lastKnownFileType = sourcecode.swift; path = AppDelegate.swift; sourceTree = "<group>"; };
		3CB19F1E22E39DF900F6F03F /* SceneDelegate.swift */ = {isa = PBXFileReference; lastKnownFileType = sourcecode.swift; path = SceneDelegate.swift; sourceTree = "<group>"; };
		3CB19F2022E39DF900F6F03F /* ContentView.swift */ = {isa = PBXFileReference; lastKnownFileType = sourcecode.swift; path = ContentView.swift; sourceTree = "<group>"; };
		3CB19F2222E39DF900F6F03F /* Assets.xcassets */ = {isa = PBXFileReference; lastKnownFileType = folder.assetcatalog; path = Assets.xcassets; sourceTree = "<group>"; };
		3CB19F2522E39DF900F6F03F /* Preview Assets.xcassets */ = {isa = PBXFileReference; lastKnownFileType = folder.assetcatalog; path = "Preview Assets.xcassets"; sourceTree = "<group>"; };
		3CB19F2822E39DF900F6F03F /* Base */ = {isa = PBXFileReference; lastKnownFileType = file.storyboard; name = Base; path = Base.lproj/LaunchScreen.storyboard; sourceTree = "<group>"; };
		3CB19F2A22E39DF900F6F03F /* Info.plist */ = {isa = PBXFileReference; lastKnownFileType = text.plist.xml; path = Info.plist; sourceTree = "<group>"; };
/* End PBXFileReference section */

/* Begin PBXFrameworksBuildPhase section */
		3CB19F1622E39DF900F6F03F /* Frameworks */ = {
			isa = PBXFrameworksBuildPhase;
			buildActionMask = 2147483647;
			files = (
			);
			runOnlyForDeploymentPostprocessing = 0;
		};
/* End PBXFrameworksBuildPhase section */

/* Begin PBXGroup section */
		3CB19F1022E39DF900F6F03F = {
			isa = PBXGroup;
			children = (
				3CB19F1B22E39DF900F6F03F /* NavigationDestination */,
				3CB19F1A22E39DF900F6F03F /* Products */,
			);
			sourceTree = "<group>";
		};
		3CB19F1A22E39DF900F6F03F /* Products */ = {
			isa = PBXGroup;
			children = (
				3CB19F1922E39DF900F6F03F /* NavigationDestination.app */,
			);
			name = Products;
			sourceTree = "<group>";
		};
		3CB19F1B22E39DF900F6F03F /* NavigationDestination */ = {
			isa = PBXGroup;
			children = (
				3CB19F1C22E39DF900F6F03F /* AppDelegate.swift */,
				3CB19F1E22E39DF900F6F03F /* SceneDelegate.swift */,
				3CB19F2022E39DF900F6F03F /* ContentView.swift */,
				3CB19F2222E39DF900F6F03F /* Assets.xcassets */,
				3CB19F2722E39DF900F6F03F /* LaunchScreen.storyboard */,
				3CB19F2A22E39DF900F6F03F /* Info.plist */,
				3CB19F2422E39DF900F6F03F /* Preview Content */,
			);
			path = NavigationDestination;
			sourceTree = "<group>";
		};
		3CB19F2422E39DF900F6F03F /* Preview Content */ = {
			isa = PBXGroup;
			children = (
				3CB19F2522E39DF900F6F03F /* Preview Assets.xcassets */,
			);
			path = "Preview Content";
			sourceTree = "<group>";
		};
/* End PBXGroup section */

/* Begin PBXNativeTarget section */
		3CB19F1822E39DF900F6F03F /* NavigationDestination */ = {
			isa = PBXNativeTarget;
			buildConfigurationList = 3CB19F2D22E39DF900F6F03F /* Build configuration list for PBXNativeTarget "NavigationDestination" */;
			buildPhases = (
				3CB19F1522E39DF900F6F03F /* Sources */,
				3CB19F1622E39DF900F6F03F /* Frameworks */,
				3CB19F1722E39DF900F6F03F /* Resources */,
			);
			buildRules = (
			);
			dependencies = (
			);
			name = NavigationDestination;
			productName = NavigationDestination;
			productReference = 3CB19F1922E39DF900F6F03F /* NavigationDestination.app */;
			productType = "com.apple.product-type.application";
		};
/* End PBXNativeTarget section */

/* Begin PBXProject section */
		3CB19F1122E39DF900F6F03F /* Project object */ = {
			isa = PBXProject;
			attributes = {
				LastSwiftUpdateCheck = 1100;
				LastUpgradeCheck = 1100;
				ORGANIZATIONNAME = "Paul Wood";
				TargetAttributes = {
					3CB19F1822E39DF900F6F03F = {
						CreatedOnToolsVersion = 11.0;
					};
				};
			};
			buildConfigurationList = 3CB19F1422E39DF900F6F03F /* Build configuration list for PBXProject "NavigationDestination" */;
			compatibilityVersion = "Xcode 9.3";
			developmentRegion = en;
			hasScannedForEncodings = 0;
			knownRegions = (
				en,
				Base,
			);
			mainGroup = 3CB19F1022E39DF900F6F03F;
			productRefGroup = 3CB19F1A22E39DF900F6F03F /* Products */;
			projectDirPath = "";
			projectRoot = "";
			targets = (
				3CB19F1822E39DF900F6F03F /* NavigationDestination */,
			);
		};
/* End PBXProject section */

/* Begin PBXResourcesBuildPhase section */
		3CB19F1722E39DF900F6F03F /* Resources */ = {
			isa = PBXResourcesBuildPhase;
			buildActionMask = 2147483647;
			files = (
				3CB19F2922E39DF900F6F03F /* LaunchScreen.storyboard in Resources */,
				3CB19F2622E39DF900F6F03F /* Preview Assets.xcassets in Resources */,
				3CB19F2322E39DF900F6F03F /* Assets.xcassets in Resources */,
			);
			runOnlyForDeploymentPostprocessing = 0;
		};
/* End PBXResourcesBuildPhase section */

/* Begin PBXSourcesBuildPhase section */
		3CB19F1522E39DF900F6F03F /* Sources */ = {
			isa = PBXSourcesBuildPhase;
			buildActionMask = 2147483647;
			files = (
				3CB19F1D22E39DF900F6F03F /* AppDelegate.swift in Sources */,
				3CB19F1F22E39DF900F6F03F /* SceneDelegate.swift in Sources */,
				3CB19F2122E39DF900F6F03F /* ContentView.swift in Sources */,
			);
			runOnlyForDeploymentPostprocessing = 0;
		};
/* End PBXSourcesBuildPhase section */

/* Begin PBXVariantGroup section */
		3CB19F2722E39DF900F6F03F /* LaunchScreen.storyboard */ = {
			isa = PBXVariantGroup;
			children = (
				3CB19F2822E39DF900F6F03F /* Base */,
			);
			name = LaunchScreen.storyboard;
			sourceTree = "<group>";
		};
/* End PBXVariantGroup section */

/* Begin XCBuildConfiguration section */
		3CB19F2B22E39DF900F6F03F /* Debug */ = {
			isa = XCBuildConfiguration;
			buildSettings = {
				ALWAYS_SEARCH_USER_PATHS = NO;
				CLANG_ANALYZER_NONNULL = YES;
				CLANG_ANALYZER_NUMBER_OBJECT_CONVERSION = YES_AGGRESSIVE;
				CLANG_CXX_LANGUAGE_STANDARD = "gnu++14";
				CLANG_CXX_LIBRARY = "libc++";
				CLANG_ENABLE_MODULES = YES;
				CLANG_ENABLE_OBJC_ARC = YES;
				CLANG_ENABLE_OBJC_WEAK = YES;
				CLANG_WARN_BLOCK_CAPTURE_AUTORELEASING = YES;
				CLANG_WARN_BOOL_CONVERSION = YES;
				CLANG_WARN_COMMA = YES;
				CLANG_WARN_CONSTANT_CONVERSION = YES;
				CLANG_WARN_DEPRECATED_OBJC_IMPLEMENTATIONS = YES;
				CLANG_WARN_DIRECT_OBJC_ISA_USAGE = YES_ERROR;
				CLANG_WARN_DOCUMENTATION_COMMENTS = YES;
				CLANG_WARN_EMPTY_BODY = YES;
				CLANG_WARN_ENUM_CONVERSION = YES;
				CLANG_WARN_INFINITE_RECURSION = YES;
				CLANG_WARN_INT_CONVERSION = YES;
				CLANG_WARN_NON_LITERAL_NULL_CONVERSION = YES;
				CLANG_WARN_OBJC_IMPLICIT_RETAIN_SELF = YES;
				CLANG_WARN_OBJC_LITERAL_CONVERSION = YES;
				CLANG_WARN_OBJC_ROOT_CLASS = YES_ERROR;
				CLANG_WARN_RANGE_LOOP_ANALYSIS = YES;
				CLANG_WARN_STRICT_PROTOTYPES = YES;
				CLANG_WARN_SUSPICIOUS_MOVE = YES;
				CLANG_WARN_UNGUARDED_AVAILABILITY = YES_AGGRESSIVE;
				CLANG_WARN_UNREACHABLE_CODE = YES;
				CLANG_WARN__DUPLICATE_METHOD_MATCH = YES;
				COPY_PHASE_STRIP = NO;
				DEBUG_INFORMATION_FORMAT = dwarf;
				ENABLE_STRICT_OBJC_MSGSEND = YES;
				ENABLE_TESTABILITY = YES;
				GCC_C_LANGUAGE_STANDARD = gnu11;
				GCC_DYNAMIC_NO_PIC = NO;
				GCC_NO_COMMON_BLOCKS = YES;
				GCC_OPTIMIZATION_LEVEL = 0;
				GCC_PREPROCESSOR_DEFINITIONS = (
					"DEBUG=1",
					"$(inherited)",
				);
				GCC_WARN_64_TO_32_BIT_CONVERSION = YES;
				GCC_WARN_ABOUT_RETURN_TYPE = YES_ERROR;
				GCC_WARN_UNDECLARED_SELECTOR = YES;
				GCC_WARN_UNINITIALIZED_AUTOS = YES_AGGRESSIVE;
				GCC_WARN_UNUSED_FUNCTION = YES;
				GCC_WARN_UNUSED_VARIABLE = YES;
				IPHONEOS_DEPLOYMENT_TARGET = 13.0;
				MTL_ENABLE_DEBUG_INFO = INCLUDE_SOURCE;
				MTL_FAST_MATH = YES;
				ONLY_ACTIVE_ARCH = YES;
				SDKROOT = iphoneos;
				SWIFT_ACTIVE_COMPILATION_CONDITIONS = DEBUG;
				SWIFT_OPTIMIZATION_LEVEL = "-Onone";
			};
			name = Debug;
		};
		3CB19F2C22E39DF900F6F03F /* Release */ = {
			isa = XCBuildConfiguration;
			buildSettings = {
				ALWAYS_SEARCH_USER_PATHS = NO;
				CLANG_ANALYZER_NONNULL = YES;
				CLANG_ANALYZER_NUMBER_OBJECT_CONVERSION = YES_AGGRESSIVE;
				CLANG_CXX_LANGUAGE_STANDARD = "gnu++14";
				CLANG_CXX_LIBRARY = "libc++";
				CLANG_ENABLE_MODULES = YES;
				CLANG_ENABLE_OBJC_ARC = YES;
				CLANG_ENABLE_OBJC_WEAK = YES;
				CLANG_WARN_BLOCK_CAPTURE_AUTORELEASING = YES;
				CLANG_WARN_BOOL_CONVERSION = YES;
				CLANG_WARN_COMMA = YES;
				CLANG_WARN_CONSTANT_CONVERSION = YES;
				CLANG_WARN_DEPRECATED_OBJC_IMPLEMENTATIONS = YES;
				CLANG_WARN_DIRECT_OBJC_ISA_USAGE = YES_ERROR;
				CLANG_WARN_DOCUMENTATION_COMMENTS = YES;
				CLANG_WARN_EMPTY_BODY = YES;
				CLANG_WARN_ENUM_CONVERSION = YES;
				CLANG_WARN_INFINITE_RECURSION = YES;
				CLANG_WARN_INT_CONVERSION = YES;
				CLANG_WARN_NON_LITERAL_NULL_CONVERSION = YES;
				CLANG_WARN_OBJC_IMPLICIT_RETAIN_SELF = YES;
				CLANG_WARN_OBJC_LITERAL_CONVERSION = YES;
				CLANG_WARN_OBJC_ROOT_CLASS = YES_ERROR;
				CLANG_WARN_RANGE_LOOP_ANALYSIS = YES;
				CLANG_WARN_STRICT_PROTOTYPES = YES;
				CLANG_WARN_SUSPICIOUS_MOVE = YES;
				CLANG_WARN_UNGUARDED_AVAILABILITY = YES_AGGRESSIVE;
				CLANG_WARN_UNREACHABLE_CODE = YES;
				CLANG_WARN__DUPLICATE_METHOD_MATCH = YES;
				COPY_PHASE_STRIP = NO;
				DEBUG_INFORMATION_FORMAT = "dwarf-with-dsym";
				ENABLE_NS_ASSERTIONS = NO;
				ENABLE_STRICT_OBJC_MSGSEND = YES;
				GCC_C_LANGUAGE_STANDARD = gnu11;
				GCC_NO_COMMON_BLOCKS = YES;
				GCC_WARN_64_TO_32_BIT_CONVERSION = YES;
				GCC_WARN_ABOUT_RETURN_TYPE = YES_ERROR;
				GCC_WARN_UNDECLARED_SELECTOR = YES;
				GCC_WARN_UNINITIALIZED_AUTOS = YES_AGGRESSIVE;
				GCC_WARN_UNUSED_FUNCTION = YES;
				GCC_WARN_UNUSED_VARIABLE = YES;
				IPHONEOS_DEPLOYMENT_TARGET = 13.0;
				MTL_ENABLE_DEBUG_INFO = NO;
				MTL_FAST_MATH = YES;
				SDKROOT = iphoneos;
				SWIFT_COMPILATION_MODE = wholemodule;
				SWIFT_OPTIMIZATION_LEVEL = "-O";
				VALIDATE_PRODUCT = YES;
			};
			name = Release;
		};
		3CB19F2E22E39DF900F6F03F /* Debug */ = {
			isa = XCBuildConfiguration;
			buildSettings = {
				ASSETCATALOG_COMPILER_APPICON_NAME = AppIcon;
				CODE_SIGN_STYLE = Automatic;
				DEVELOPMENT_ASSET_PATHS = "NavigationDestination/Preview\\ Content";
				DEVELOPMENT_TEAM = BDB4XSJTE3;
				ENABLE_PREVIEWS = YES;
				INFOPLIST_FILE = NavigationDestination/Info.plist;
				LD_RUNPATH_SEARCH_PATHS = (
					"$(inherited)",
					"@executable_path/Frameworks",
				);
				PRODUCT_BUNDLE_IDENTIFIER = com.paulwoodiii.NavigationDestination;
				PRODUCT_NAME = "$(TARGET_NAME)";
				SWIFT_VERSION = 5.0;
				TARGETED_DEVICE_FAMILY = "1,2";
			};
			name = Debug;
		};
		3CB19F2F22E39DF900F6F03F /* Release */ = {
			isa = XCBuildConfiguration;
			buildSettings = {
				ASSETCATALOG_COMPILER_APPICON_NAME = AppIcon;
				CODE_SIGN_STYLE = Automatic;
				DEVELOPMENT_ASSET_PATHS = "NavigationDestination/Preview\\ Content";
				DEVELOPMENT_TEAM = BDB4XSJTE3;
				ENABLE_PREVIEWS = YES;
				INFOPLIST_FILE = NavigationDestination/Info.plist;
				LD_RUNPATH_SEARCH_PATHS = (
					"$(inherited)",
					"@executable_path/Frameworks",
				);
				PRODUCT_BUNDLE_IDENTIFIER = com.paulwoodiii.NavigationDestination;
				PRODUCT_NAME = "$(TARGET_NAME)";
				SWIFT_VERSION = 5.0;
				TARGETED_DEVICE_FAMILY = "1,2";
			};
			name = Release;
		};
/* End XCBuildConfiguration section */

/* Begin XCConfigurationList section */
		3CB19F1422E39DF900F6F03F /* Build configuration list for PBXProject "NavigationDestination" */ = {
			isa = XCConfigurationList;
			buildConfigurations = (
				3CB19F2B22E39DF900F6F03F /* Debug */,
				3CB19F2C22E39DF900F6F03F /* Release */,
			);
			defaultConfigurationIsVisible = 0;
			defaultConfigurationName = Release;
		};
		3CB19F2D22E39DF900F6F03F /* Build configuration list for PBXNativeTarget "NavigationDestination" */ = {
			isa = XCConfigurationList;
			buildConfigurations = (
				3CB19F2E22E39DF900F6F03F /* Debug */,
				3CB19F2F22E39DF900F6F03F /* Release */,
			);
			defaultConfigurationIsVisible = 0;
			defaultConfigurationName = Release;
		};
/* End XCConfigurationList section */
	};
	rootObject = 3CB19F1122E39DF900F6F03F /* Project object */;
}
